<?xml version="1.0" encoding="UTF-8" standalone="yes" ?>
<CodeBlocks_project_file>
	<FileVersion major="1" minor="6" />
	<Project>
		<Option title="chatserver" />
		<Option pch_mode="2" />
		<Option compiler="cygwin" />
		<Build>
			<Target title="Debug">
				<Option output="bin/Debug/chatserver" prefix_auto="1" extension_auto="1" />
				<Option object_output="obj/Debug/" />
				<Option type="1" />
				<Option compiler="cygwin" />
				<Option parameters="0.0.0.0 7777" />
				<Compiler>
					<Add option="-std=gnu++11" />
					<Add option="-ggdb" />
					<Add option="-D_WIN32" />
					<Add option="-D_WIN32_WINNT" />
					<Add option="-D__USE_W32_SOCKETS" />
					<Add option="-D__CYGWIN__" />
					<Add option="-D__SunOS" />
					<Add option="-D__MINGW32__" />
					<Add option="-D__MSABI_LONG=long" />
					<Add option="-DNOTESTRESULTFILE" />
					<Add directory="/cygdrive/c/cygwin/usr/include/w32api/" />
				</Compiler>
				<Linker>
					<Add option="-mthreads" />
					<Add option="-lws2_32" />
					<Add library="boost_system" />
					<Add library="boost_signals" />
					<Add library="boost_thread" />
					<Add directory="/cygdrive/c/Program Files/boost/boost_1_53_0/stage/lib/" />
					<Add directory="/cygdrive/c/Program Files/boost/boost_1_53_0/stage/lib" />
					<Add directory="/usr/local/include/boost/test" />
					<Add directory="/cygdrive/c/Program Files/boost_1_53_0/libs" />
					<Add directory="/cygdrive/c/cygwin/usr/local/lib/" />
				</Linker>
			</Target>
			<Target title="Release">
				<Option output="bin/Release/chatserver" prefix_auto="1" extension_auto="1" />
				<Option object_output="obj/Release/" />
				<Option type="1" />
				<Option compiler="cygwin" />
				<Compiler>
					<Add option="-O2" />
				</Compiler>
				<Linker>
					<Add option="-s" />
				</Linker>
			</Target>
		</Build>
		<Linker>
			<Add option="-static" />
			<Add option="-lws2_32" />
			<Add library="boost_system" />
			<Add library="boost_signals" />
			<Add library="boost_thread" />
			<Add directory="/cygdrive/c/Program Files/boost/boost_1_53_0/stage/lib/" />
		</Linker>
		<Unit filename="../../dataframe.cpp" />
		<Unit filename="../../dataframe.hpp" />
		<Unit filename="../../dataframe_parser.cpp" />
		<Unit filename="../../dataframe_parser.hpp" />
		<Unit filename="../../header.hpp" />
		<Unit filename="../../md5.h" />
		<Unit filename="../../participant.hpp" />
		<Unit filename="../../reply.cpp" />
		<Unit filename="../../reply.hpp" />
		<Unit filename="../../request_handler.cpp" />
		<Unit filename="../../request_handler.hpp" />
		<Unit filename="../../request_parser.cpp" />
		<Unit filename="../../request_parser.hpp" />
		<Unit filename="../../room.cpp" />
		<Unit filename="../../room.hpp" />
		<Unit filename="../../server.cpp" />
		<Unit filename="../../server.hpp" />
		<Unit filename="../../session.cpp" />
		<Unit filename="../../session.hpp" />
		<Unit filename="webserver_test.cpp" />
		<Extensions>
			<code_completion />
			<envvars />
			<debugger />
			<lib_finder disable_auto="1" />
		</Extensions>
	</Project>
</CodeBlocks_project_file>
