<?xml version="1.0" encoding="UTF-8" standalone="yes" ?>
<CodeBlocks_project_file>
	<FileVersion major="1" minor="6" />
	<Project>
		<Option title="scanvaserver" />
		<Option pch_mode="2" />
		<Option compiler="cygwin" />
		<Build>
			<Target title="Debug">
				<Option output="bin/Debug/scanvaserver" prefix_auto="1" extension_auto="1" />
				<Option object_output="obj/Debug/" />
				<Option type="1" />
				<Option compiler="cygwin" />
				<Option parameters="127.0.0.1 7777" />
				<Compiler>
					<Add option="-g" />
					<Add option="-std=gnu++11" />
					<Add option="-D_WIN32_WINNT" />
					<Add option="-D__CYGWIN__" />
					<Add option="-D__USE_W32_SOCKETS" />
					<Add option="-D__MSABI_LONG=long" />
					<Add option="-DWIN32_LEAN_AND_MEAN" />
					<Add option="-Dnodosfilewarning" />
					<Add option="-D__DEBUG" />
					<Add directory="/cygdrive/c/cygwin/usr/include/w32api/" />
				</Compiler>
				<Linker>
					<Add option="-static" />
					<Add option="-lws2_32" />
					<Add library="boost_system" />
					<Add library="boost_signals" />
					<Add library="boost_thread" />
					<Add directory="/usr/local/lib" />
				</Linker>
			</Target>
			<Target title="Release">
				<Option output="bin/Release/chatserver" prefix_auto="1" extension_auto="1" />
				<Option object_output="obj/Release/" />
				<Option type="1" />
				<Option compiler="cygwin" />
				<Compiler>
					<Add option="-O2" />
				</Compiler>
				<Linker>
					<Add option="-s" />
				</Linker>
			</Target>
		</Build>
		<Compiler>
			<Add option="-std=gnu++11" />
			<Add option="-D_WIN32_WINNT" />
			<Add option="-D__CYGWIN__" />
			<Add option="-D__USE_W32_SOCKETS" />
			<Add option="-D__MSABI_LONG=long" />
		</Compiler>
		<Linker>
			<Add option="-static" />
			<Add option="-lws2_32" />
			<Add library="boost_system" />
			<Add library="boost_signals" />
			<Add library="boost_thread" />
			<Add directory="/cygdrive/c/Program Files/boost/boost_1_53_0/stage/lib/" />
		</Linker>
		<Unit filename="../DataEncoderDecoder/DataEncoderDecoder/DataEncoder.cpp" />
		<Unit filename="../DataEncoderDecoder/DataEncoderDecoder/DataEncoder.h" />
		<Unit filename="../DataEncoderDecoder/DataEncoderDecoder/compression-lib/compression.cpp" />
		<Unit filename="../DataEncoderDecoder/DataEncoderDecoder/compression-lib/compression.h" />
		<Unit filename="dataframe.cpp" />
		<Unit filename="dataframe.hpp" />
		<Unit filename="dataframe_parser.cpp" />
		<Unit filename="dataframe_parser.hpp" />
		<Unit filename="header.hpp" />
		<Unit filename="main.cpp" />
		<Unit filename="md5.h" />
		<Unit filename="participant.hpp" />
		<Unit filename="reply.cpp" />
		<Unit filename="reply.hpp" />
		<Unit filename="request.hpp" />
		<Unit filename="request_handler.cpp" />
		<Unit filename="request_handler.hpp" />
		<Unit filename="request_parser.cpp" />
		<Unit filename="request_parser.hpp" />
		<Unit filename="room.cpp" />
		<Unit filename="room.hpp" />
		<Unit filename="server.cpp" />
		<Unit filename="server.hpp" />
		<Unit filename="session.cpp" />
		<Unit filename="session.hpp" />
		<Unit filename="wsclient/wsclient.cpp" />
		<Unit filename="wsclient/wsclient.hpp" />
		<Extensions>
			<code_completion />
			<envvars set="cygwin" />
			<debugger />
			<lib_finder disable_auto="1" />
			<DoxyBlocks>
				<comment_style block="0" line="0" />
				<doxyfile_project />
				<doxyfile_build />
				<doxyfile_warnings />
				<doxyfile_output />
				<doxyfile_dot />
				<general />
			</DoxyBlocks>
		</Extensions>
	</Project>
</CodeBlocks_project_file>
