<?xml version="1.0" encoding="UTF-8" standalone="yes" ?>
<CodeBlocks_project_file>
	<FileVersion major="1" minor="6" />
	<Project>
		<Option title="DataEncoderTestSuite" />
		<Option pch_mode="2" />
		<Option compiler="gcc" />
		<Build>
			<Target title="Debug">
				<Option output="bin/Debug/DataEncoderTestSuite" prefix_auto="1" extension_auto="1" />
				<Option object_output="obj/Debug/" />
				<Option type="1" />
				<Option compiler="gcc" />
				<Compiler>
					<Add option="-std=c++0x" />
					<Add option="-Wall" />
					<Add option="-g" />
				</Compiler>
				<Linker>
					<Add library="boost_system" />
					<Add directory="/home/cloud1scanvacom" />
				</Linker>
			</Target>
		</Build>
		<Compiler>
			<Add option="-Wall" />
			<Add option="-fexceptions" />
		</Compiler>
		<Unit filename="dataencodertest.cpp">
			<Option compiler="gcc" use="0" buildCommand="g++ -g -o obj/Debug/dataencodertest.o dataencodertest.cpp ../../DataEncoderDecoder/DataEncoder.cpp ../../DataEncoderDecoder/compression-lib/compression.cpp -lboost_system -std=c++11" />
		</Unit>
		<Unit filename="../../DataEncoder.cpp" />
		<Unit filename="../../DataEncoder.h" />
		<Unit filename="../../compression-lib/compression.cpp" />
		<Unit filename="../../compression-lib/compression.h" />
		<Extensions>
			<code_completion />
			<debugger />
		</Extensions>
	</Project>
</CodeBlocks_project_file>
